
Microsoft Visual Studio Solution File, Format Version 12.00
# Visual Studio Version 17
VisualStudioVersion = 17.3.32922.545
MinimumVisualStudioVersion = 10.0.40219.1
Project("{FAE04EC0-301F-11D3-BF4B-00C04F79EFBC}") = "Serdiuk.Survey.WebApi", "Serdiuk.Survey.WebApi\Serdiuk.Survey.WebApi.csproj", "{56984E78-2ED4-45B8-A193-4C9F19FA353F}"
EndProject
Project("{FAE04EC0-301F-11D3-BF4B-00C04F79EFBC}") = "Serdiuk.Survey.Domain", "Serdiuk.Survey.Domain\Serdiuk.Survey.Domain.csproj", "{0CB570D8-4B2D-4EFA-9C71-3F3E357634CE}"
EndProject
Project("{FAE04EC0-301F-11D3-BF4B-00C04F79EFBC}") = "Serdiuk.Survey.Application", "Serdiuk.Survey.Application\Serdiuk.Survey.Application.csproj", "{6F3242EE-5754-41FA-A240-F234F7C526DD}"
EndProject
Project("{FAE04EC0-301F-11D3-BF4B-00C04F79EFBC}") = "Serdiuk.Survey.Infrastructure", "Serdiuk.Survey.Infrastructure\Serdiuk.Survey.Infrastructure.csproj", "{122EA866-01E3-4F16-BA67-FC52F275FAA5}"
EndProject
Global
	GlobalSection(SolutionConfigurationPlatforms) = preSolution
		Debug|Any CPU = Debug|Any CPU
		Release|Any CPU = Release|Any CPU
	EndGlobalSection
	GlobalSection(ProjectConfigurationPlatforms) = postSolution
		{56984E78-2ED4-45B8-A193-4C9F19FA353F}.Debug|Any CPU.ActiveCfg = Debug|Any CPU
		{56984E78-2ED4-45B8-A193-4C9F19FA353F}.Debug|Any CPU.Build.0 = Debug|Any CPU
		{56984E78-2ED4-45B8-A193-4C9F19FA353F}.Release|Any CPU.ActiveCfg = Release|Any CPU
		{56984E78-2ED4-45B8-A193-4C9F19FA353F}.Release|Any CPU.Build.0 = Release|Any CPU
		{0CB570D8-4B2D-4EFA-9C71-3F3E357634CE}.Debug|Any CPU.ActiveCfg = Debug|Any CPU
		{0CB570D8-4B2D-4EFA-9C71-3F3E357634CE}.Debug|Any CPU.Build.0 = Debug|Any CPU
		{0CB570D8-4B2D-4EFA-9C71-3F3E357634CE}.Release|Any CPU.ActiveCfg = Release|Any CPU
		{0CB570D8-4B2D-4EFA-9C71-3F3E357634CE}.Release|Any CPU.Build.0 = Release|Any CPU
		{6F3242EE-5754-41FA-A240-F234F7C526DD}.Debug|Any CPU.ActiveCfg = Debug|Any CPU
		{6F3242EE-5754-41FA-A240-F234F7C526DD}.Debug|Any CPU.Build.0 = Debug|Any CPU
		{6F3242EE-5754-41FA-A240-F234F7C526DD}.Release|Any CPU.ActiveCfg = Release|Any CPU
		{6F3242EE-5754-41FA-A240-F234F7C526DD}.Release|Any CPU.Build.0 = Release|Any CPU
		{122EA866-01E3-4F16-BA67-FC52F275FAA5}.Debug|Any CPU.ActiveCfg = Debug|Any CPU
		{122EA866-01E3-4F16-BA67-FC52F275FAA5}.Debug|Any CPU.Build.0 = Debug|Any CPU
		{122EA866-01E3-4F16-BA67-FC52F275FAA5}.Release|Any CPU.ActiveCfg = Release|Any CPU
		{122EA866-01E3-4F16-BA67-FC52F275FAA5}.Release|Any CPU.Build.0 = Release|Any CPU
	EndGlobalSection
	GlobalSection(SolutionProperties) = preSolution
		HideSolutionNode = FALSE
	EndGlobalSection
	GlobalSection(ExtensibilityGlobals) = postSolution
		SolutionGuid = {5B7E8536-D89E-4501-B016-CE452B9CA937}
	EndGlobalSection
EndGlobal
